
Microsoft Visual Studio Solution File, Format Version 12.00
# Visual Studio Version 17
VisualStudioVersion = 17.8.34316.72
MinimumVisualStudioVersion = 10.0.40219.1
Project("{9A19103F-16F7-4668-BE54-9A1E7A4F7556}") = "Agent", "Agent.csproj", "{F9632A97-FA63-4ECF-9273-C2F6524F43BA}"
EndProject
Global
	GlobalSection(SolutionConfigurationPlatforms) = preSolution
		Debug|Any CPU = Debug|Any CPU
		Release|Any CPU = Release|Any CPU
	EndGlobalSection
	GlobalSection(ProjectConfigurationPlatforms) = postSolution
		{F9632A97-FA63-4ECF-9273-C2F6524F43BA}.Debug|Any CPU.ActiveCfg = Debug|Any CPU
		{F9632A97-FA63-4ECF-9273-C2F6524F43BA}.Debug|Any CPU.Build.0 = Debug|Any CPU
		{F9632A97-FA63-4ECF-9273-C2F6524F43BA}.Release|Any CPU.ActiveCfg = Release|Any CPU
		{F9632A97-FA63-4ECF-9273-C2F6524F43BA}.Release|Any CPU.Build.0 = Release|Any CPU
	EndGlobalSection
	GlobalSection(SolutionProperties) = preSolution
		HideSolutionNode = FALSE
	EndGlobalSection
	GlobalSection(ExtensibilityGlobals) = postSolution
		SolutionGuid = {C4532F4E-AAB9-42EF-986A-EC46EB3307DF}
	EndGlobalSection
EndGlobal
